
Microsoft Visual Studio Solution File, Format Version 12.00
# Visual Studio Version 16
VisualStudioVersion = 16.0.32002.261
MinimumVisualStudioVersion = 10.0.40219.1
Project("{FAE04EC0-301F-11D3-BF4B-00C04F79EFBC}") = "Image_Crud_Application", "Image_Crud_Application.csproj", "{B6111B6F-30AE-47FC-A31C-4E958DD260D1}"
EndProject
Global
	GlobalSection(SolutionConfigurationPlatforms) = preSolution
		Debug|Any CPU = Debug|Any CPU
		Release|Any CPU = Release|Any CPU
	EndGlobalSection
	GlobalSection(ProjectConfigurationPlatforms) = postSolution
		{B6111B6F-30AE-47FC-A31C-4E958DD260D1}.Debug|Any CPU.ActiveCfg = Debug|Any CPU
		{B6111B6F-30AE-47FC-A31C-4E958DD260D1}.Debug|Any CPU.Build.0 = Debug|Any CPU
		{B6111B6F-30AE-47FC-A31C-4E958DD260D1}.Release|Any CPU.ActiveCfg = Release|Any CPU
		{B6111B6F-30AE-47FC-A31C-4E958DD260D1}.Release|Any CPU.Build.0 = Release|Any CPU
	EndGlobalSection
	GlobalSection(SolutionProperties) = preSolution
		HideSolutionNode = FALSE
	EndGlobalSection
	GlobalSection(ExtensibilityGlobals) = postSolution
		SolutionGuid = {115D8703-396C-4579-A870-292736AA787E}
	EndGlobalSection
EndGlobal
